
Microsoft Visual Studio Solution File, Format Version 12.00
# Visual Studio 15
VisualStudioVersion = 15.0.28307.1062
MinimumVisualStudioVersion = 10.0.40219.1
Project("{FAE04EC0-301F-11D3-BF4B-00C04F79EFBC}") = "Test_ch4", "Test_ch4\Test_ch4.csproj", "{815C9AE8-D3A9-4FFD-BBD6-4F1725656E5F}"
EndProject
Global
	GlobalSection(SolutionConfigurationPlatforms) = preSolution
		Debug|Any CPU = Debug|Any CPU
		Release|Any CPU = Release|Any CPU
	EndGlobalSection
	GlobalSection(ProjectConfigurationPlatforms) = postSolution
		{815C9AE8-D3A9-4FFD-BBD6-4F1725656E5F}.Debug|Any CPU.ActiveCfg = Debug|Any CPU
		{815C9AE8-D3A9-4FFD-BBD6-4F1725656E5F}.Debug|Any CPU.Build.0 = Debug|Any CPU
		{815C9AE8-D3A9-4FFD-BBD6-4F1725656E5F}.Release|Any CPU.ActiveCfg = Release|Any CPU
		{815C9AE8-D3A9-4FFD-BBD6-4F1725656E5F}.Release|Any CPU.Build.0 = Release|Any CPU
	EndGlobalSection
	GlobalSection(SolutionProperties) = preSolution
		HideSolutionNode = FALSE
	EndGlobalSection
	GlobalSection(ExtensibilityGlobals) = postSolution
		SolutionGuid = {6E8009A7-4FC3-46F5-9AD1-8670E601A146}
	EndGlobalSection
EndGlobal
